
Microsoft Visual Studio Solution File, Format Version 12.00
# Visual Studio Version 17
VisualStudioVersion = 17.11.35327.3
MinimumVisualStudioVersion = 10.0.40219.1
Project("{FAE04EC0-301F-11D3-BF4B-00C04F79EFBC}") = "ExpenseTrackerApi", "ExpenseTrackerApi\ExpenseTrackerApi.csproj", "{DD977A3F-FE03-4397-879F-5190C8C467FE}"
EndProject
Global
	GlobalSection(SolutionConfigurationPlatforms) = preSolution
		Debug|Any CPU = Debug|Any CPU
		Release|Any CPU = Release|Any CPU
	EndGlobalSection
	GlobalSection(ProjectConfigurationPlatforms) = postSolution
		{DD977A3F-FE03-4397-879F-5190C8C467FE}.Debug|Any CPU.ActiveCfg = Debug|Any CPU
		{DD977A3F-FE03-4397-879F-5190C8C467FE}.Debug|Any CPU.Build.0 = Debug|Any CPU
		{DD977A3F-FE03-4397-879F-5190C8C467FE}.Release|Any CPU.ActiveCfg = Release|Any CPU
		{DD977A3F-FE03-4397-879F-5190C8C467FE}.Release|Any CPU.Build.0 = Release|Any CPU
	EndGlobalSection
	GlobalSection(SolutionProperties) = preSolution
		HideSolutionNode = FALSE
	EndGlobalSection
	GlobalSection(ExtensibilityGlobals) = postSolution
		SolutionGuid = {00D27F7F-846E-49A3-B9DE-B0FED29EE74F}
	EndGlobalSection
EndGlobal
